
Microsoft Visual Studio Solution File, Format Version 12.00
# Visual Studio Version 16
VisualStudioVersion = 16.0.31624.102
MinimumVisualStudioVersion = 10.0.40219.1
Project("{FAE04EC0-301F-11D3-BF4B-00C04F79EFBC}") = "neurontest2", "neurontest2.csproj", "{98751C0A-7993-423E-A91B-A17864B81685}"
EndProject
Global
	GlobalSection(SolutionConfigurationPlatforms) = preSolution
		Debug|Any CPU = Debug|Any CPU
		Release|Any CPU = Release|Any CPU
	EndGlobalSection
	GlobalSection(ProjectConfigurationPlatforms) = postSolution
		{98751C0A-7993-423E-A91B-A17864B81685}.Debug|Any CPU.ActiveCfg = Debug|Any CPU
		{98751C0A-7993-423E-A91B-A17864B81685}.Debug|Any CPU.Build.0 = Debug|Any CPU
		{98751C0A-7993-423E-A91B-A17864B81685}.Release|Any CPU.ActiveCfg = Release|Any CPU
		{98751C0A-7993-423E-A91B-A17864B81685}.Release|Any CPU.Build.0 = Release|Any CPU
	EndGlobalSection
	GlobalSection(SolutionProperties) = preSolution
		HideSolutionNode = FALSE
	EndGlobalSection
	GlobalSection(ExtensibilityGlobals) = postSolution
		SolutionGuid = {2E1519A1-FAF8-44AA-AFF6-306CF011BB7D}
	EndGlobalSection
EndGlobal
